// !$*UTF8*$!
{
	archiveVersion = 1;
	classes = {
	};
	objectVersion = 55;
	objects = {

/* Begin PBXBuildFile section */
		4E04CCC9285B8A4B005F0DB5 /* Camera_Custom_SwiftUI_CombineApp.swift in Sources */ = {isa = PBXBuildFile; fileRef = 4E04CCC8285B8A4B005F0DB5 /* Camera_Custom_SwiftUI_CombineApp.swift */; };
		4E04CCCB285B8A4B005F0DB5 /* ContentView.swift in Sources */ = {isa = PBXBuildFile; fileRef = 4E04CCCA285B8A4B005F0DB5 /* ContentView.swift */; };
		4E04CCCD285B8A4E005F0DB5 /* Assets.xcassets in Resources */ = {isa = PBXBuildFile; fileRef = 4E04CCCC285B8A4E005F0DB5 /* Assets.xcassets */; };
		4E04CCD0285B8A4E005F0DB5 /* Preview Assets.xcassets in Resources */ = {isa = PBXBuildFile; fileRef = 4E04CCCF285B8A4E005F0DB5 /* Preview Assets.xcassets */; };
		4E04CCDC285B8B75005F0DB5 /* CameraError.swift in Sources */ = {isa = PBXBuildFile; fileRef = 4E04CCDB285B8B75005F0DB5 /* CameraError.swift */; };
		4E04CCDE285BACD7005F0DB5 /* CGImageExtension.swift in Sources */ = {isa = PBXBuildFile; fileRef = 4E04CCDD285BACD7005F0DB5 /* CGImageExtension.swift */; };
		4E04CCE0285BB2DD005F0DB5 /* ContentViewModel.swift in Sources */ = {isa = PBXBuildFile; fileRef = 4E04CCDF285BB2DC005F0DB5 /* ContentViewModel.swift */; };
		4E04CCE2285BB2EF005F0DB5 /* Launch Screen.storyboard in Resources */ = {isa = PBXBuildFile; fileRef = 4E04CCE1285BB2EF005F0DB5 /* Launch Screen.storyboard */; };
		4E04CCE4285BB3DA005F0DB5 /* CameraManager.swift in Sources */ = {isa = PBXBuildFile; fileRef = 4E04CCE3285BB3DA005F0DB5 /* CameraManager.swift */; };
		4E04CCE6285BB789005F0DB5 /* FrameManager.swift in Sources */ = {isa = PBXBuildFile; fileRef = 4E04CCE5285BB788005F0DB5 /* FrameManager.swift */; };
		4E04CCE8285BB874005F0DB5 /* FrameView.swift in Sources */ = {isa = PBXBuildFile; fileRef = 4E04CCE7285BB874005F0DB5 /* FrameView.swift */; };
		4E04CCEA285BB9D9005F0DB5 /* ErrorView.swift in Sources */ = {isa = PBXBuildFile; fileRef = 4E04CCE9285BB9D9005F0DB5 /* ErrorView.swift */; };
		4E04CCEC285BBAC4005F0DB5 /* ControlView.swift in Sources */ = {isa = PBXBuildFile; fileRef = 4E04CCEB285BBAC4005F0DB5 /* ControlView.swift */; };
		4E04CCEE285BBBC0005F0DB5 /* ToggleButton.swift in Sources */ = {isa = PBXBuildFile; fileRef = 4E04CCED285BBBC0005F0DB5 /* ToggleButton.swift */; };
/* End PBXBuildFile section */

/* Begin PBXFileReference section */
		4E04CCC5285B8A4B005F0DB5 /* Camera-Custom-SwiftUI-Combine.app */ = {isa = PBXFileReference; explicitFileType = wrapper.application; includeInIndex = 0; path = "Camera-Custom-SwiftUI-Combine.app"; sourceTree = BUILT_PRODUCTS_DIR; };
		4E04CCC8285B8A4B005F0DB5 /* Camera_Custom_SwiftUI_CombineApp.swift */ = {isa = PBXFileReference; lastKnownFileType = sourcecode.swift; path = Camera_Custom_SwiftUI_CombineApp.swift; sourceTree = "<group>"; };
		4E04CCCA285B8A4B005F0DB5 /* ContentView.swift */ = {isa = PBXFileReference; lastKnownFileType = sourcecode.swift; path = ContentView.swift; sourceTree = "<group>"; };
		4E04CCCC285B8A4E005F0DB5 /* Assets.xcassets */ = {isa = PBXFileReference; lastKnownFileType = folder.assetcatalog; path = Assets.xcassets; sourceTree = "<group>"; };
		4E04CCCF285B8A4E005F0DB5 /* Preview Assets.xcassets */ = {isa = PBXFileReference; lastKnownFileType = folder.assetcatalog; path = "Preview Assets.xcassets"; sourceTree = "<group>"; };
		4E04CCDB285B8B75005F0DB5 /* CameraError.swift */ = {isa = PBXFileReference; lastKnownFileType = sourcecode.swift; path = CameraError.swift; sourceTree = "<group>"; };
		4E04CCDD285BACD7005F0DB5 /* CGImageExtension.swift */ = {isa = PBXFileReference; lastKnownFileType = sourcecode.swift; path = CGImageExtension.swift; sourceTree = "<group>"; };
		4E04CCDF285BB2DC005F0DB5 /* ContentViewModel.swift */ = {isa = PBXFileReference; lastKnownFileType = sourcecode.swift; path = ContentViewModel.swift; sourceTree = "<group>"; };
		4E04CCE1285BB2EF005F0DB5 /* Launch Screen.storyboard */ = {isa = PBXFileReference; lastKnownFileType = file.storyboard; path = "Launch Screen.storyboard"; sourceTree = "<group>"; };
		4E04CCE3285BB3DA005F0DB5 /* CameraManager.swift */ = {isa = PBXFileReference; lastKnownFileType = sourcecode.swift; path = CameraManager.swift; sourceTree = "<group>"; };
		4E04CCE5285BB788005F0DB5 /* FrameManager.swift */ = {isa = PBXFileReference; lastKnownFileType = sourcecode.swift; path = FrameManager.swift; sourceTree = "<group>"; };
		4E04CCE7285BB874005F0DB5 /* FrameView.swift */ = {isa = PBXFileReference; lastKnownFileType = sourcecode.swift; path = FrameView.swift; sourceTree = "<group>"; };
		4E04CCE9285BB9D9005F0DB5 /* ErrorView.swift */ = {isa = PBXFileReference; lastKnownFileType = sourcecode.swift; path = ErrorView.swift; sourceTree = "<group>"; };
		4E04CCEB285BBAC4005F0DB5 /* ControlView.swift */ = {isa = PBXFileReference; lastKnownFileType = sourcecode.swift; path = ControlView.swift; sourceTree = "<group>"; };
		4E04CCED285BBBC0005F0DB5 /* ToggleButton.swift */ = {isa = PBXFileReference; lastKnownFileType = sourcecode.swift; path = ToggleButton.swift; sourceTree = "<group>"; };
/* End PBXFileReference section */

/* Begin PBXFrameworksBuildPhase section */
		4E04CCC2285B8A4B005F0DB5 /* Frameworks */ = {
			isa = PBXFrameworksBuildPhase;
			buildActionMask = 2147483647;
			files = (
			);
			runOnlyForDeploymentPostprocessing = 0;
		};
/* End PBXFrameworksBuildPhase section */

/* Begin PBXGroup section */
		4E04CCBC285B8A4B005F0DB5 = {
			isa = PBXGroup;
			children = (
				4E04CCC7285B8A4B005F0DB5 /* Camera-Custom-SwiftUI-Combine */,
				4E04CCC6285B8A4B005F0DB5 /* Products */,
			);
			sourceTree = "<group>";
		};
		4E04CCC6285B8A4B005F0DB5 /* Products */ = {
			isa = PBXGroup;
			children = (
				4E04CCC5285B8A4B005F0DB5 /* Camera-Custom-SwiftUI-Combine.app */,
			);
			name = Products;
			sourceTree = "<group>";
		};
		4E04CCC7285B8A4B005F0DB5 /* Camera-Custom-SwiftUI-Combine */ = {
			isa = PBXGroup;
			children = (
				4E04CCD6285B8ADF005F0DB5 /* Camera */,
				4E04CCD7285B8AF2005F0DB5 /* Extensions */,
				4E04CCD9285B8B07005F0DB5 /* ViewModels */,
				4E04CCDA285B8B11005F0DB5 /* views */,
				4E04CCC8285B8A4B005F0DB5 /* Camera_Custom_SwiftUI_CombineApp.swift */,
				4E04CCCC285B8A4E005F0DB5 /* Assets.xcassets */,
				4E04CCCE285B8A4E005F0DB5 /* Preview Content */,
				4E04CCE1285BB2EF005F0DB5 /* Launch Screen.storyboard */,
			);
			path = "Camera-Custom-SwiftUI-Combine";
			sourceTree = "<group>";
		};
		4E04CCCE285B8A4E005F0DB5 /* Preview Content */ = {
			isa = PBXGroup;
			children = (
				4E04CCCF285B8A4E005F0DB5 /* Preview Assets.xcassets */,
			);
			path = "Preview Content";
			sourceTree = "<group>";
		};
		4E04CCD6285B8ADF005F0DB5 /* Camera */ = {
			isa = PBXGroup;
			children = (
				4E04CCDB285B8B75005F0DB5 /* CameraError.swift */,
				4E04CCE3285BB3DA005F0DB5 /* CameraManager.swift */,
				4E04CCE5285BB788005F0DB5 /* FrameManager.swift */,
			);
			path = Camera;
			sourceTree = "<group>";
		};
		4E04CCD7285B8AF2005F0DB5 /* Extensions */ = {
			isa = PBXGroup;
			children = (
				4E04CCDD285BACD7005F0DB5 /* CGImageExtension.swift */,
			);
			path = Extensions;
			sourceTree = "<group>";
		};
		4E04CCD9285B8B07005F0DB5 /* ViewModels */ = {
			isa = PBXGroup;
			children = (
				4E04CCDF285BB2DC005F0DB5 /* ContentViewModel.swift */,
			);
			path = ViewModels;
			sourceTree = "<group>";
		};
		4E04CCDA285B8B11005F0DB5 /* views */ = {
			isa = PBXGroup;
			children = (
				4E04CCCA285B8A4B005F0DB5 /* ContentView.swift */,
				4E04CCE7285BB874005F0DB5 /* FrameView.swift */,
				4E04CCE9285BB9D9005F0DB5 /* ErrorView.swift */,
				4E04CCEB285BBAC4005F0DB5 /* ControlView.swift */,
				4E04CCED285BBBC0005F0DB5 /* ToggleButton.swift */,
			);
			path = views;
			sourceTree = "<group>";
		};
/* End PBXGroup section */

/* Begin PBXNativeTarget section */
		4E04CCC4285B8A4B005F0DB5 /* Camera-Custom-SwiftUI-Combine */ = {
			isa = PBXNativeTarget;
			buildConfigurationList = 4E04CCD3285B8A4E005F0DB5 /* Build configuration list for PBXNativeTarget "Camera-Custom-SwiftUI-Combine" */;
			buildPhases = (
				4E04CCC1285B8A4B005F0DB5 /* Sources */,
				4E04CCC2285B8A4B005F0DB5 /* Frameworks */,
				4E04CCC3285B8A4B005F0DB5 /* Resources */,
			);
			buildRules = (
			);
			dependencies = (
			);
			name = "Camera-Custom-SwiftUI-Combine";
			productName = "Camera-Custom-SwiftUI-Combine";
			productReference = 4E04CCC5285B8A4B005F0DB5 /* Camera-Custom-SwiftUI-Combine.app */;
			productType = "com.apple.product-type.application";
		};
/* End PBXNativeTarget section */

/* Begin PBXProject section */
		4E04CCBD285B8A4B005F0DB5 /* Project object */ = {
			isa = PBXProject;
			attributes = {
				BuildIndependentTargetsInParallel = 1;
				LastSwiftUpdateCheck = 1340;
				LastUpgradeCheck = 1340;
				TargetAttributes = {
					4E04CCC4285B8A4B005F0DB5 = {
						CreatedOnToolsVersion = 13.4;
					};
				};
			};
			buildConfigurationList = 4E04CCC0285B8A4B005F0DB5 /* Build configuration list for PBXProject "Camera-Custom-SwiftUI-Combine" */;
			compatibilityVersion = "Xcode 13.0";
			developmentRegion = en;
			hasScannedForEncodings = 0;
			knownRegions = (
				en,
				Base,
			);
			mainGroup = 4E04CCBC285B8A4B005F0DB5;
			productRefGroup = 4E04CCC6285B8A4B005F0DB5 /* Products */;
			projectDirPath = "";
			projectRoot = "";
			targets = (
				4E04CCC4285B8A4B005F0DB5 /* Camera-Custom-SwiftUI-Combine */,
			);
		};
/* End PBXProject section */

/* Begin PBXResourcesBuildPhase section */
		4E04CCC3285B8A4B005F0DB5 /* Resources */ = {
			isa = PBXResourcesBuildPhase;
			buildActionMask = 2147483647;
			files = (
				4E04CCE2285BB2EF005F0DB5 /* Launch Screen.storyboard in Resources */,
				4E04CCD0285B8A4E005F0DB5 /* Preview Assets.xcassets in Resources */,
				4E04CCCD285B8A4E005F0DB5 /* Assets.xcassets in Resources */,
			);
			runOnlyForDeploymentPostprocessing = 0;
		};
/* End PBXResourcesBuildPhase section */

/* Begin PBXSourcesBuildPhase section */
		4E04CCC1285B8A4B005F0DB5 /* Sources */ = {
			isa = PBXSourcesBuildPhase;
			buildActionMask = 2147483647;
			files = (
				4E04CCE8285BB874005F0DB5 /* FrameView.swift in Sources */,
				4E04CCCB285B8A4B005F0DB5 /* ContentView.swift in Sources */,
				4E04CCC9285B8A4B005F0DB5 /* Camera_Custom_SwiftUI_CombineApp.swift in Sources */,
				4E04CCDC285B8B75005F0DB5 /* CameraError.swift in Sources */,
				4E04CCEC285BBAC4005F0DB5 /* ControlView.swift in Sources */,
				4E04CCDE285BACD7005F0DB5 /* CGImageExtension.swift in Sources */,
				4E04CCE4285BB3DA005F0DB5 /* CameraManager.swift in Sources */,
				4E04CCE6285BB789005F0DB5 /* FrameManager.swift in Sources */,
				4E04CCEE285BBBC0005F0DB5 /* ToggleButton.swift in Sources */,
				4E04CCEA285BB9D9005F0DB5 /* ErrorView.swift in Sources */,
				4E04CCE0285BB2DD005F0DB5 /* ContentViewModel.swift in Sources */,
			);
			runOnlyForDeploymentPostprocessing = 0;
		};
/* End PBXSourcesBuildPhase section */

/* Begin XCBuildConfiguration section */
		4E04CCD1285B8A4E005F0DB5 /* Debug */ = {
			isa = XCBuildConfiguration;
			buildSettings = {
				ALWAYS_SEARCH_USER_PATHS = NO;
				CLANG_ANALYZER_NONNULL = YES;
				CLANG_ANALYZER_NUMBER_OBJECT_CONVERSION = YES_AGGRESSIVE;
				CLANG_CXX_LANGUAGE_STANDARD = "gnu++17";
				CLANG_ENABLE_MODULES = YES;
				CLANG_ENABLE_OBJC_ARC = YES;
				CLANG_ENABLE_OBJC_WEAK = YES;
				CLANG_WARN_BLOCK_CAPTURE_AUTORELEASING = YES;
				CLANG_WARN_BOOL_CONVERSION = YES;
				CLANG_WARN_COMMA = YES;
				CLANG_WARN_CONSTANT_CONVERSION = YES;
				CLANG_WARN_DEPRECATED_OBJC_IMPLEMENTATIONS = YES;
				CLANG_WARN_DIRECT_OBJC_ISA_USAGE = YES_ERROR;
				CLANG_WARN_DOCUMENTATION_COMMENTS = YES;
				CLANG_WARN_EMPTY_BODY = YES;
				CLANG_WARN_ENUM_CONVERSION = YES;
				CLANG_WARN_INFINITE_RECURSION = YES;
				CLANG_WARN_INT_CONVERSION = YES;
				CLANG_WARN_NON_LITERAL_NULL_CONVERSION = YES;
				CLANG_WARN_OBJC_IMPLICIT_RETAIN_SELF = YES;
				CLANG_WARN_OBJC_LITERAL_CONVERSION = YES;
				CLANG_WARN_OBJC_ROOT_CLASS = YES_ERROR;
				CLANG_WARN_QUOTED_INCLUDE_IN_FRAMEWORK_HEADER = YES;
				CLANG_WARN_RANGE_LOOP_ANALYSIS = YES;
				CLANG_WARN_STRICT_PROTOTYPES = YES;
				CLANG_WARN_SUSPICIOUS_MOVE = YES;
				CLANG_WARN_UNGUARDED_AVAILABILITY = YES_AGGRESSIVE;
				CLANG_WARN_UNREACHABLE_CODE = YES;
				CLANG_WARN__DUPLICATE_METHOD_MATCH = YES;
				COPY_PHASE_STRIP = NO;
				DEBUG_INFORMATION_FORMAT = dwarf;
				ENABLE_STRICT_OBJC_MSGSEND = YES;
				ENABLE_TESTABILITY = YES;
				GCC_C_LANGUAGE_STANDARD = gnu11;
				GCC_DYNAMIC_NO_PIC = NO;
				GCC_NO_COMMON_BLOCKS = YES;
				GCC_OPTIMIZATION_LEVEL = 0;
				GCC_PREPROCESSOR_DEFINITIONS = (
					"DEBUG=1",
					"$(inherited)",
				);
				GCC_WARN_64_TO_32_BIT_CONVERSION = YES;
				GCC_WARN_ABOUT_RETURN_TYPE = YES_ERROR;
				GCC_WARN_UNDECLARED_SELECTOR = YES;
				GCC_WARN_UNINITIALIZED_AUTOS = YES_AGGRESSIVE;
				GCC_WARN_UNUSED_FUNCTION = YES;
				GCC_WARN_UNUSED_VARIABLE = YES;
				IPHONEOS_DEPLOYMENT_TARGET = 15.5;
				MTL_ENABLE_DEBUG_INFO = INCLUDE_SOURCE;
				MTL_FAST_MATH = YES;
				ONLY_ACTIVE_ARCH = YES;
				SDKROOT = iphoneos;
				SWIFT_ACTIVE_COMPILATION_CONDITIONS = DEBUG;
				SWIFT_OPTIMIZATION_LEVEL = "-Onone";
			};
			name = Debug;
		};
		4E04CCD2285B8A4E005F0DB5 /* Release */ = {
			isa = XCBuildConfiguration;
			buildSettings = {
				ALWAYS_SEARCH_USER_PATHS = NO;
				CLANG_ANALYZER_NONNULL = YES;
				CLANG_ANALYZER_NUMBER_OBJECT_CONVERSION = YES_AGGRESSIVE;
				CLANG_CXX_LANGUAGE_STANDARD = "gnu++17";
				CLANG_ENABLE_MODULES = YES;
				CLANG_ENABLE_OBJC_ARC = YES;
				CLANG_ENABLE_OBJC_WEAK = YES;
				CLANG_WARN_BLOCK_CAPTURE_AUTORELEASING = YES;
				CLANG_WARN_BOOL_CONVERSION = YES;
				CLANG_WARN_COMMA = YES;
				CLANG_WARN_CONSTANT_CONVERSION = YES;
				CLANG_WARN_DEPRECATED_OBJC_IMPLEMENTATIONS = YES;
				CLANG_WARN_DIRECT_OBJC_ISA_USAGE = YES_ERROR;
				CLANG_WARN_DOCUMENTATION_COMMENTS = YES;
				CLANG_WARN_EMPTY_BODY = YES;
				CLANG_WARN_ENUM_CONVERSION = YES;
				CLANG_WARN_INFINITE_RECURSION = YES;
				CLANG_WARN_INT_CONVERSION = YES;
				CLANG_WARN_NON_LITERAL_NULL_CONVERSION = YES;
				CLANG_WARN_OBJC_IMPLICIT_RETAIN_SELF = YES;
				CLANG_WARN_OBJC_LITERAL_CONVERSION = YES;
				CLANG_WARN_OBJC_ROOT_CLASS = YES_ERROR;
				CLANG_WARN_QUOTED_INCLUDE_IN_FRAMEWORK_HEADER = YES;
				CLANG_WARN_RANGE_LOOP_ANALYSIS = YES;
				CLANG_WARN_STRICT_PROTOTYPES = YES;
				CLANG_WARN_SUSPICIOUS_MOVE = YES;
				CLANG_WARN_UNGUARDED_AVAILABILITY = YES_AGGRESSIVE;
				CLANG_WARN_UNREACHABLE_CODE = YES;
				CLANG_WARN__DUPLICATE_METHOD_MATCH = YES;
				COPY_PHASE_STRIP = NO;
				DEBUG_INFORMATION_FORMAT = "dwarf-with-dsym";
				ENABLE_NS_ASSERTIONS = NO;
				ENABLE_STRICT_OBJC_MSGSEND = YES;
				GCC_C_LANGUAGE_STANDARD = gnu11;
				GCC_NO_COMMON_BLOCKS = YES;
				GCC_WARN_64_TO_32_BIT_CONVERSION = YES;
				GCC_WARN_ABOUT_RETURN_TYPE = YES_ERROR;
				GCC_WARN_UNDECLARED_SELECTOR = YES;
				GCC_WARN_UNINITIALIZED_AUTOS = YES_AGGRESSIVE;
				GCC_WARN_UNUSED_FUNCTION = YES;
				GCC_WARN_UNUSED_VARIABLE = YES;
				IPHONEOS_DEPLOYMENT_TARGET = 15.5;
				MTL_ENABLE_DEBUG_INFO = NO;
				MTL_FAST_MATH = YES;
				SDKROOT = iphoneos;
				SWIFT_COMPILATION_MODE = wholemodule;
				SWIFT_OPTIMIZATION_LEVEL = "-O";
				VALIDATE_PRODUCT = YES;
			};
			name = Release;
		};
		4E04CCD4285B8A4E005F0DB5 /* Debug */ = {
			isa = XCBuildConfiguration;
			buildSettings = {
				ASSETCATALOG_COMPILER_APPICON_NAME = AppIcon;
				ASSETCATALOG_COMPILER_GLOBAL_ACCENT_COLOR_NAME = AccentColor;
				CODE_SIGN_STYLE = Automatic;
				CURRENT_PROJECT_VERSION = 1;
				DEVELOPMENT_ASSET_PATHS = "\"Camera-Custom-SwiftUI-Combine/Preview Content\"";
				DEVELOPMENT_TEAM = ABXQH5S54D;
				ENABLE_PREVIEWS = YES;
				GENERATE_INFOPLIST_FILE = YES;
				INFOPLIST_KEY_NSCameraUsageDescription = "";
				INFOPLIST_KEY_UIApplicationSceneManifest_Generation = YES;
				INFOPLIST_KEY_UIApplicationSupportsIndirectInputEvents = YES;
				INFOPLIST_KEY_UILaunchScreen_Generation = YES;
				INFOPLIST_KEY_UISupportedInterfaceOrientations_iPad = "UIInterfaceOrientationPortrait UIInterfaceOrientationPortraitUpsideDown UIInterfaceOrientationLandscapeLeft UIInterfaceOrientationLandscapeRight";
				INFOPLIST_KEY_UISupportedInterfaceOrientations_iPhone = "UIInterfaceOrientationPortrait UIInterfaceOrientationLandscapeLeft UIInterfaceOrientationLandscapeRight";
				LD_RUNPATH_SEARCH_PATHS = (
					"$(inherited)",
					"@executable_path/Frameworks",
				);
				MARKETING_VERSION = 1.0;
				PRODUCT_BUNDLE_IDENTIFIER = "dev.isai.Camera-Custom-SwiftUI-Combine";
				PRODUCT_NAME = "$(TARGET_NAME)";
				SWIFT_EMIT_LOC_STRINGS = YES;
				SWIFT_VERSION = 5.0;
				TARGETED_DEVICE_FAMILY = "1,2";
			};
			name = Debug;
		};
		4E04CCD5285B8A4E005F0DB5 /* Release */ = {
			isa = XCBuildConfiguration;
			buildSettings = {
				ASSETCATALOG_COMPILER_APPICON_NAME = AppIcon;
				ASSETCATALOG_COMPILER_GLOBAL_ACCENT_COLOR_NAME = AccentColor;
				CODE_SIGN_STYLE = Automatic;
				CURRENT_PROJECT_VERSION = 1;
				DEVELOPMENT_ASSET_PATHS = "\"Camera-Custom-SwiftUI-Combine/Preview Content\"";
				DEVELOPMENT_TEAM = ABXQH5S54D;
				ENABLE_PREVIEWS = YES;
				GENERATE_INFOPLIST_FILE = YES;
				INFOPLIST_KEY_NSCameraUsageDescription = "";
				INFOPLIST_KEY_UIApplicationSceneManifest_Generation = YES;
				INFOPLIST_KEY_UIApplicationSupportsIndirectInputEvents = YES;
				INFOPLIST_KEY_UILaunchScreen_Generation = YES;
				INFOPLIST_KEY_UISupportedInterfaceOrientations_iPad = "UIInterfaceOrientationPortrait UIInterfaceOrientationPortraitUpsideDown UIInterfaceOrientationLandscapeLeft UIInterfaceOrientationLandscapeRight";
				INFOPLIST_KEY_UISupportedInterfaceOrientations_iPhone = "UIInterfaceOrientationPortrait UIInterfaceOrientationLandscapeLeft UIInterfaceOrientationLandscapeRight";
				LD_RUNPATH_SEARCH_PATHS = (
					"$(inherited)",
					"@executable_path/Frameworks",
				);
				MARKETING_VERSION = 1.0;
				PRODUCT_BUNDLE_IDENTIFIER = "dev.isai.Camera-Custom-SwiftUI-Combine";
				PRODUCT_NAME = "$(TARGET_NAME)";
				SWIFT_EMIT_LOC_STRINGS = YES;
				SWIFT_VERSION = 5.0;
				TARGETED_DEVICE_FAMILY = "1,2";
			};
			name = Release;
		};
/* End XCBuildConfiguration section */

/* Begin XCConfigurationList section */
		4E04CCC0285B8A4B005F0DB5 /* Build configuration list for PBXProject "Camera-Custom-SwiftUI-Combine" */ = {
			isa = XCConfigurationList;
			buildConfigurations = (
				4E04CCD1285B8A4E005F0DB5 /* Debug */,
				4E04CCD2285B8A4E005F0DB5 /* Release */,
			);
			defaultConfigurationIsVisible = 0;
			defaultConfigurationName = Release;
		};
		4E04CCD3285B8A4E005F0DB5 /* Build configuration list for PBXNativeTarget "Camera-Custom-SwiftUI-Combine" */ = {
			isa = XCConfigurationList;
			buildConfigurations = (
				4E04CCD4285B8A4E005F0DB5 /* Debug */,
				4E04CCD5285B8A4E005F0DB5 /* Release */,
			);
			defaultConfigurationIsVisible = 0;
			defaultConfigurationName = Release;
		};
/* End XCConfigurationList section */
	};
	rootObject = 4E04CCBD285B8A4B005F0DB5 /* Project object */;
}
